
Microsoft Visual Studio Solution File, Format Version 12.00
# Visual Studio 15
Project("{FAE04EC0-301F-11D3-BF4B-00C04F79EFBC}") = "Assembly-CSharp", "Assembly-CSharp.csproj", "{ED42CAE0-FBBD-1C68-7CBB-6BC477561937}"
EndProject
Project("{FAE04EC0-301F-11D3-BF4B-00C04F79EFBC}") = "Assembly-CSharp-Editor", "Assembly-CSharp-Editor.csproj", "{4E8B28A8-39A3-178B-A4CC-410D1C05E8D0}"
EndProject
Project("{FAE04EC0-301F-11D3-BF4B-00C04F79EFBC}") = "Assembly-CSharp", "Assembly-CSharp.Player.csproj", "{597E819A-A38B-B35D-7AC2-227A7FAA67CC}"
EndProject
Global
	GlobalSection(SolutionConfigurationPlatforms) = preSolution
		Debug|Any CPU = Debug|Any CPU
		Release|Any CPU = Release|Any CPU
	EndGlobalSection
	GlobalSection(ProjectConfigurationPlatforms) = postSolution
		{ED42CAE0-FBBD-1C68-7CBB-6BC477561937}.Debug|Any CPU.ActiveCfg = Debug|Any CPU
		{ED42CAE0-FBBD-1C68-7CBB-6BC477561937}.Debug|Any CPU.Build.0 = Debug|Any CPU
		{ED42CAE0-FBBD-1C68-7CBB-6BC477561937}.Release|Any CPU.ActiveCfg = Release|Any CPU
		{ED42CAE0-FBBD-1C68-7CBB-6BC477561937}.Release|Any CPU.Build.0 = Release|Any CPU
		{4E8B28A8-39A3-178B-A4CC-410D1C05E8D0}.Debug|Any CPU.ActiveCfg = Debug|Any CPU
		{4E8B28A8-39A3-178B-A4CC-410D1C05E8D0}.Debug|Any CPU.Build.0 = Debug|Any CPU
		{4E8B28A8-39A3-178B-A4CC-410D1C05E8D0}.Release|Any CPU.ActiveCfg = Release|Any CPU
		{4E8B28A8-39A3-178B-A4CC-410D1C05E8D0}.Release|Any CPU.Build.0 = Release|Any CPU
		{597E819A-A38B-B35D-7AC2-227A7FAA67CC}.Debug|Any CPU.ActiveCfg = Debug|Any CPU
		{597E819A-A38B-B35D-7AC2-227A7FAA67CC}.Debug|Any CPU.Build.0 = Debug|Any CPU
		{597E819A-A38B-B35D-7AC2-227A7FAA67CC}.Release|Any CPU.ActiveCfg = Release|Any CPU
		{597E819A-A38B-B35D-7AC2-227A7FAA67CC}.Release|Any CPU.Build.0 = Release|Any CPU
	EndGlobalSection
	GlobalSection(SolutionProperties) = preSolution
		HideSolutionNode = FALSE
	EndGlobalSection
EndGlobal
